
Microsoft Visual Studio Solution File, Format Version 12.00
# Visual Studio Version 17
VisualStudioVersion = 17.9.34728.123
MinimumVisualStudioVersion = 10.0.40219.1
Project("{8BC9CEB8-8B4A-11D0-8D11-00A0C91BC942}") = "Flappy birddddd", "Flappy birddddd\Flappy birddddd.vcxproj", "{E676938E-676A-4F04-9715-DB8F374AD71D}"
EndProject
Global
	GlobalSection(SolutionConfigurationPlatforms) = preSolution
		Debug|x64 = Debug|x64
		Debug|x86 = Debug|x86
		Release|x64 = Release|x64
		Release|x86 = Release|x86
	EndGlobalSection
	GlobalSection(ProjectConfigurationPlatforms) = postSolution
		{E676938E-676A-4F04-9715-DB8F374AD71D}.Debug|x64.ActiveCfg = Debug|x64
		{E676938E-676A-4F04-9715-DB8F374AD71D}.Debug|x64.Build.0 = Debug|x64
		{E676938E-676A-4F04-9715-DB8F374AD71D}.Debug|x86.ActiveCfg = Debug|Win32
		{E676938E-676A-4F04-9715-DB8F374AD71D}.Debug|x86.Build.0 = Debug|Win32
		{E676938E-676A-4F04-9715-DB8F374AD71D}.Release|x64.ActiveCfg = Release|x64
		{E676938E-676A-4F04-9715-DB8F374AD71D}.Release|x64.Build.0 = Release|x64
		{E676938E-676A-4F04-9715-DB8F374AD71D}.Release|x86.ActiveCfg = Release|Win32
		{E676938E-676A-4F04-9715-DB8F374AD71D}.Release|x86.Build.0 = Release|Win32
	EndGlobalSection
	GlobalSection(SolutionProperties) = preSolution
		HideSolutionNode = FALSE
	EndGlobalSection
	GlobalSection(ExtensibilityGlobals) = postSolution
		SolutionGuid = {41FECFF1-E58C-468C-8C50-7C58C0EA5B09}
	EndGlobalSection
EndGlobal
